
Microsoft Visual Studio Solution File, Format Version 12.00
# Visual Studio Version 16
VisualStudioVersion = 16.0.28714.232
MinimumVisualStudioVersion = 10.0.40219.1
Project("{FAE04EC0-301F-11D3-BF4B-00C04F79EFBC}") = "recipe-demo-core", "recipe-demo-core\recipe-demo-core.csproj", "{F12B6207-E034-4A04-B8BE-902BF1B16681}"
EndProject
Global
	GlobalSection(SolutionConfigurationPlatforms) = preSolution
		Debug|Any CPU = Debug|Any CPU
		Release|Any CPU = Release|Any CPU
	EndGlobalSection
	GlobalSection(ProjectConfigurationPlatforms) = postSolution
		{F12B6207-E034-4A04-B8BE-902BF1B16681}.Debug|Any CPU.ActiveCfg = Debug|Any CPU
		{F12B6207-E034-4A04-B8BE-902BF1B16681}.Debug|Any CPU.Build.0 = Debug|Any CPU
		{F12B6207-E034-4A04-B8BE-902BF1B16681}.Release|Any CPU.ActiveCfg = Release|Any CPU
		{F12B6207-E034-4A04-B8BE-902BF1B16681}.Release|Any CPU.Build.0 = Release|Any CPU
	EndGlobalSection
	GlobalSection(SolutionProperties) = preSolution
		HideSolutionNode = FALSE
	EndGlobalSection
	GlobalSection(ExtensibilityGlobals) = postSolution
		SolutionGuid = {13D25F7A-8F7C-403E-97C1-FA4FAF2C8123}
	EndGlobalSection
EndGlobal
